// !$*UTF8*$!
{
	archiveVersion = 1;
	classes = {
	};
	objectVersion = 56;
	objects = {

/* Begin PBXBuildFile section */
		0FC541582953211300B1C504 /* AppDelegate.swift in Sources */ = {isa = PBXBuildFile; fileRef = 0FC541572953211300B1C504 /* AppDelegate.swift */; };
		0FC5415A2953211300B1C504 /* SceneDelegate.swift in Sources */ = {isa = PBXBuildFile; fileRef = 0FC541592953211300B1C504 /* SceneDelegate.swift */; };
		0FC5415C2953211300B1C504 /* ScanOptionsViewController.swift in Sources */ = {isa = PBXBuildFile; fileRef = 0FC5415B2953211300B1C504 /* ScanOptionsViewController.swift */; };
		0FC5415F2953211300B1C504 /* Main.storyboard in Resources */ = {isa = PBXBuildFile; fileRef = 0FC5415D2953211300B1C504 /* Main.storyboard */; };
		0FC541612953211400B1C504 /* Assets.xcassets in Resources */ = {isa = PBXBuildFile; fileRef = 0FC541602953211400B1C504 /* Assets.xcassets */; };
		0FC541642953211400B1C504 /* LaunchScreen.storyboard in Resources */ = {isa = PBXBuildFile; fileRef = 0FC541622953211400B1C504 /* LaunchScreen.storyboard */; };
		0FC5416F2953211400B1C504 /* VisionDemoAppTests.swift in Sources */ = {isa = PBXBuildFile; fileRef = 0FC5416E2953211400B1C504 /* VisionDemoAppTests.swift */; };
		0FC541792953211400B1C504 /* VisionDemoAppUITests.swift in Sources */ = {isa = PBXBuildFile; fileRef = 0FC541782953211400B1C504 /* VisionDemoAppUITests.swift */; };
		0FC5417B2953211400B1C504 /* VisionDemoAppUITestsLaunchTests.swift in Sources */ = {isa = PBXBuildFile; fileRef = 0FC5417A2953211400B1C504 /* VisionDemoAppUITestsLaunchTests.swift */; };
		0FC5418B29532D4300B1C504 /* ReceiptResultViewController.swift in Sources */ = {isa = PBXBuildFile; fileRef = 0FC5418A29532D4300B1C504 /* ReceiptResultViewController.swift */; };
		0FC5418D29532D7A00B1C504 /* TextResultViewController.swift in Sources */ = {isa = PBXBuildFile; fileRef = 0FC5418C29532D7A00B1C504 /* TextResultViewController.swift */; };
		0FC5418F2953307A00B1C504 /* RecognizedTextDataSource.swift in Sources */ = {isa = PBXBuildFile; fileRef = 0FC5418E2953307A00B1C504 /* RecognizedTextDataSource.swift */; };
		0FC541912953484300B1C504 /* ScanOptions.swift in Sources */ = {isa = PBXBuildFile; fileRef = 0FC541902953484300B1C504 /* ScanOptions.swift */; };
		0FC5419329534A9C00B1C504 /* README.md in Resources */ = {isa = PBXBuildFile; fileRef = 0FC5419229534A9C00B1C504 /* README.md */; };
		0FC541962953522B00B1C504 /* app-demo.gif in Resources */ = {isa = PBXBuildFile; fileRef = 0FC541952953522B00B1C504 /* app-demo.gif */; };
/* End PBXBuildFile section */

/* Begin PBXContainerItemProxy section */
		0FC5416B2953211400B1C504 /* PBXContainerItemProxy */ = {
			isa = PBXContainerItemProxy;
			containerPortal = 0FC5414C2953211300B1C504 /* Project object */;
			proxyType = 1;
			remoteGlobalIDString = 0FC541532953211300B1C504;
			remoteInfo = VisionDemoApp;
		};
		0FC541752953211400B1C504 /* PBXContainerItemProxy */ = {
			isa = PBXContainerItemProxy;
			containerPortal = 0FC5414C2953211300B1C504 /* Project object */;
			proxyType = 1;
			remoteGlobalIDString = 0FC541532953211300B1C504;
			remoteInfo = VisionDemoApp;
		};
/* End PBXContainerItemProxy section */

/* Begin PBXFileReference section */
		0FC541542953211300B1C504 /* VisionDemoApp.app */ = {isa = PBXFileReference; explicitFileType = wrapper.application; includeInIndex = 0; path = VisionDemoApp.app; sourceTree = BUILT_PRODUCTS_DIR; };
		0FC541572953211300B1C504 /* AppDelegate.swift */ = {isa = PBXFileReference; lastKnownFileType = sourcecode.swift; path = AppDelegate.swift; sourceTree = "<group>"; };
		0FC541592953211300B1C504 /* SceneDelegate.swift */ = {isa = PBXFileReference; lastKnownFileType = sourcecode.swift; path = SceneDelegate.swift; sourceTree = "<group>"; };
		0FC5415B2953211300B1C504 /* ScanOptionsViewController.swift */ = {isa = PBXFileReference; lastKnownFileType = sourcecode.swift; path = ScanOptionsViewController.swift; sourceTree = "<group>"; };
		0FC5415E2953211300B1C504 /* Base */ = {isa = PBXFileReference; lastKnownFileType = file.storyboard; name = Base; path = Base.lproj/Main.storyboard; sourceTree = "<group>"; };
		0FC541602953211400B1C504 /* Assets.xcassets */ = {isa = PBXFileReference; lastKnownFileType = folder.assetcatalog; path = Assets.xcassets; sourceTree = "<group>"; };
		0FC541632953211400B1C504 /* Base */ = {isa = PBXFileReference; lastKnownFileType = file.storyboard; name = Base; path = Base.lproj/LaunchScreen.storyboard; sourceTree = "<group>"; };
		0FC541652953211400B1C504 /* Info.plist */ = {isa = PBXFileReference; lastKnownFileType = text.plist.xml; path = Info.plist; sourceTree = "<group>"; };
		0FC5416A2953211400B1C504 /* VisionDemoAppTests.xctest */ = {isa = PBXFileReference; explicitFileType = wrapper.cfbundle; includeInIndex = 0; path = VisionDemoAppTests.xctest; sourceTree = BUILT_PRODUCTS_DIR; };
		0FC5416E2953211400B1C504 /* VisionDemoAppTests.swift */ = {isa = PBXFileReference; lastKnownFileType = sourcecode.swift; path = VisionDemoAppTests.swift; sourceTree = "<group>"; };
		0FC541742953211400B1C504 /* VisionDemoAppUITests.xctest */ = {isa = PBXFileReference; explicitFileType = wrapper.cfbundle; includeInIndex = 0; path = VisionDemoAppUITests.xctest; sourceTree = BUILT_PRODUCTS_DIR; };
		0FC541782953211400B1C504 /* VisionDemoAppUITests.swift */ = {isa = PBXFileReference; lastKnownFileType = sourcecode.swift; path = VisionDemoAppUITests.swift; sourceTree = "<group>"; };
		0FC5417A2953211400B1C504 /* VisionDemoAppUITestsLaunchTests.swift */ = {isa = PBXFileReference; lastKnownFileType = sourcecode.swift; path = VisionDemoAppUITestsLaunchTests.swift; sourceTree = "<group>"; };
		0FC5418A29532D4300B1C504 /* ReceiptResultViewController.swift */ = {isa = PBXFileReference; lastKnownFileType = sourcecode.swift; path = ReceiptResultViewController.swift; sourceTree = "<group>"; };
		0FC5418C29532D7A00B1C504 /* TextResultViewController.swift */ = {isa = PBXFileReference; lastKnownFileType = sourcecode.swift; path = TextResultViewController.swift; sourceTree = "<group>"; };
		0FC5418E2953307A00B1C504 /* RecognizedTextDataSource.swift */ = {isa = PBXFileReference; lastKnownFileType = sourcecode.swift; path = RecognizedTextDataSource.swift; sourceTree = "<group>"; };
		0FC541902953484300B1C504 /* ScanOptions.swift */ = {isa = PBXFileReference; lastKnownFileType = sourcecode.swift; path = ScanOptions.swift; sourceTree = "<group>"; };
		0FC5419229534A9C00B1C504 /* README.md */ = {isa = PBXFileReference; lastKnownFileType = net.daringfireball.markdown; path = README.md; sourceTree = "<group>"; };
		0FC541952953522B00B1C504 /* app-demo.gif */ = {isa = PBXFileReference; lastKnownFileType = image.gif; path = "app-demo.gif"; sourceTree = "<group>"; };
/* End PBXFileReference section */

/* Begin PBXFrameworksBuildPhase section */
		0FC541512953211300B1C504 /* Frameworks */ = {
			isa = PBXFrameworksBuildPhase;
			buildActionMask = 2147483647;
			files = (
			);
			runOnlyForDeploymentPostprocessing = 0;
		};
		0FC541672953211400B1C504 /* Frameworks */ = {
			isa = PBXFrameworksBuildPhase;
			buildActionMask = 2147483647;
			files = (
			);
			runOnlyForDeploymentPostprocessing = 0;
		};
		0FC541712953211400B1C504 /* Frameworks */ = {
			isa = PBXFrameworksBuildPhase;
			buildActionMask = 2147483647;
			files = (
			);
			runOnlyForDeploymentPostprocessing = 0;
		};
/* End PBXFrameworksBuildPhase section */

/* Begin PBXGroup section */
		0FC5414B2953211300B1C504 = {
			isa = PBXGroup;
			children = (
				0FC541562953211300B1C504 /* VisionDemoApp */,
				0FC54194295351B700B1C504 /* Screenshots */,
				0FC5416D2953211400B1C504 /* VisionDemoAppTests */,
				0FC541772953211400B1C504 /* VisionDemoAppUITests */,
				0FC541552953211300B1C504 /* Products */,
			);
			sourceTree = "<group>";
		};
		0FC541552953211300B1C504 /* Products */ = {
			isa = PBXGroup;
			children = (
				0FC541542953211300B1C504 /* VisionDemoApp.app */,
				0FC5416A2953211400B1C504 /* VisionDemoAppTests.xctest */,
				0FC541742953211400B1C504 /* VisionDemoAppUITests.xctest */,
			);
			name = Products;
			sourceTree = "<group>";
		};
		0FC541562953211300B1C504 /* VisionDemoApp */ = {
			isa = PBXGroup;
			children = (
				0FC5418729532C5300B1C504 /* Model */,
				0FC5418829532C5F00B1C504 /* View */,
				0FC5418929532C6800B1C504 /* Controller */,
				0FC541572953211300B1C504 /* AppDelegate.swift */,
				0FC541592953211300B1C504 /* SceneDelegate.swift */,
				0FC541602953211400B1C504 /* Assets.xcassets */,
				0FC541652953211400B1C504 /* Info.plist */,
				0FC5419229534A9C00B1C504 /* README.md */,
			);
			path = VisionDemoApp;
			sourceTree = "<group>";
		};
		0FC5416D2953211400B1C504 /* VisionDemoAppTests */ = {
			isa = PBXGroup;
			children = (
				0FC5416E2953211400B1C504 /* VisionDemoAppTests.swift */,
			);
			path = VisionDemoAppTests;
			sourceTree = "<group>";
		};
		0FC541772953211400B1C504 /* VisionDemoAppUITests */ = {
			isa = PBXGroup;
			children = (
				0FC541782953211400B1C504 /* VisionDemoAppUITests.swift */,
				0FC5417A2953211400B1C504 /* VisionDemoAppUITestsLaunchTests.swift */,
			);
			path = VisionDemoAppUITests;
			sourceTree = "<group>";
		};
		0FC5418729532C5300B1C504 /* Model */ = {
			isa = PBXGroup;
			children = (
				0FC5418E2953307A00B1C504 /* RecognizedTextDataSource.swift */,
				0FC541902953484300B1C504 /* ScanOptions.swift */,
			);
			path = Model;
			sourceTree = "<group>";
		};
		0FC5418829532C5F00B1C504 /* View */ = {
			isa = PBXGroup;
			children = (
				0FC541622953211400B1C504 /* LaunchScreen.storyboard */,
				0FC5415D2953211300B1C504 /* Main.storyboard */,
			);
			path = View;
			sourceTree = "<group>";
		};
		0FC5418929532C6800B1C504 /* Controller */ = {
			isa = PBXGroup;
			children = (
				0FC5415B2953211300B1C504 /* ScanOptionsViewController.swift */,
				0FC5418A29532D4300B1C504 /* ReceiptResultViewController.swift */,
				0FC5418C29532D7A00B1C504 /* TextResultViewController.swift */,
			);
			path = Controller;
			sourceTree = "<group>";
		};
		0FC54194295351B700B1C504 /* Screenshots */ = {
			isa = PBXGroup;
			children = (
				0FC541952953522B00B1C504 /* app-demo.gif */,
			);
			path = Screenshots;
			sourceTree = "<group>";
		};
/* End PBXGroup section */

/* Begin PBXNativeTarget section */
		0FC541532953211300B1C504 /* VisionDemoApp */ = {
			isa = PBXNativeTarget;
			buildConfigurationList = 0FC5417E2953211400B1C504 /* Build configuration list for PBXNativeTarget "VisionDemoApp" */;
			buildPhases = (
				0FC541502953211300B1C504 /* Sources */,
				0FC541512953211300B1C504 /* Frameworks */,
				0FC541522953211300B1C504 /* Resources */,
			);
			buildRules = (
			);
			dependencies = (
			);
			name = VisionDemoApp;
			productName = VisionDemoApp;
			productReference = 0FC541542953211300B1C504 /* VisionDemoApp.app */;
			productType = "com.apple.product-type.application";
		};
		0FC541692953211400B1C504 /* VisionDemoAppTests */ = {
			isa = PBXNativeTarget;
			buildConfigurationList = 0FC541812953211400B1C504 /* Build configuration list for PBXNativeTarget "VisionDemoAppTests" */;
			buildPhases = (
				0FC541662953211400B1C504 /* Sources */,
				0FC541672953211400B1C504 /* Frameworks */,
				0FC541682953211400B1C504 /* Resources */,
			);
			buildRules = (
			);
			dependencies = (
				0FC5416C2953211400B1C504 /* PBXTargetDependency */,
			);
			name = VisionDemoAppTests;
			productName = VisionDemoAppTests;
			productReference = 0FC5416A2953211400B1C504 /* VisionDemoAppTests.xctest */;
			productType = "com.apple.product-type.bundle.unit-test";
		};
		0FC541732953211400B1C504 /* VisionDemoAppUITests */ = {
			isa = PBXNativeTarget;
			buildConfigurationList = 0FC541842953211400B1C504 /* Build configuration list for PBXNativeTarget "VisionDemoAppUITests" */;
			buildPhases = (
				0FC541702953211400B1C504 /* Sources */,
				0FC541712953211400B1C504 /* Frameworks */,
				0FC541722953211400B1C504 /* Resources */,
			);
			buildRules = (
			);
			dependencies = (
				0FC541762953211400B1C504 /* PBXTargetDependency */,
			);
			name = VisionDemoAppUITests;
			productName = VisionDemoAppUITests;
			productReference = 0FC541742953211400B1C504 /* VisionDemoAppUITests.xctest */;
			productType = "com.apple.product-type.bundle.ui-testing";
		};
/* End PBXNativeTarget section */

/* Begin PBXProject section */
		0FC5414C2953211300B1C504 /* Project object */ = {
			isa = PBXProject;
			attributes = {
				BuildIndependentTargetsInParallel = 1;
				LastSwiftUpdateCheck = 1410;
				LastUpgradeCheck = 1410;
				TargetAttributes = {
					0FC541532953211300B1C504 = {
						CreatedOnToolsVersion = 14.1;
					};
					0FC541692953211400B1C504 = {
						CreatedOnToolsVersion = 14.1;
						TestTargetID = 0FC541532953211300B1C504;
					};
					0FC541732953211400B1C504 = {
						CreatedOnToolsVersion = 14.1;
						TestTargetID = 0FC541532953211300B1C504;
					};
				};
			};
			buildConfigurationList = 0FC5414F2953211300B1C504 /* Build configuration list for PBXProject "VisionDemoApp" */;
			compatibilityVersion = "Xcode 14.0";
			developmentRegion = en;
			hasScannedForEncodings = 0;
			knownRegions = (
				en,
				Base,
			);
			mainGroup = 0FC5414B2953211300B1C504;
			productRefGroup = 0FC541552953211300B1C504 /* Products */;
			projectDirPath = "";
			projectRoot = "";
			targets = (
				0FC541532953211300B1C504 /* VisionDemoApp */,
				0FC541692953211400B1C504 /* VisionDemoAppTests */,
				0FC541732953211400B1C504 /* VisionDemoAppUITests */,
			);
		};
/* End PBXProject section */

/* Begin PBXResourcesBuildPhase section */
		0FC541522953211300B1C504 /* Resources */ = {
			isa = PBXResourcesBuildPhase;
			buildActionMask = 2147483647;
			files = (
				0FC541642953211400B1C504 /* LaunchScreen.storyboard in Resources */,
				0FC541962953522B00B1C504 /* app-demo.gif in Resources */,
				0FC541612953211400B1C504 /* Assets.xcassets in Resources */,
				0FC5419329534A9C00B1C504 /* README.md in Resources */,
				0FC5415F2953211300B1C504 /* Main.storyboard in Resources */,
			);
			runOnlyForDeploymentPostprocessing = 0;
		};
		0FC541682953211400B1C504 /* Resources */ = {
			isa = PBXResourcesBuildPhase;
			buildActionMask = 2147483647;
			files = (
			);
			runOnlyForDeploymentPostprocessing = 0;
		};
		0FC541722953211400B1C504 /* Resources */ = {
			isa = PBXResourcesBuildPhase;
			buildActionMask = 2147483647;
			files = (
			);
			runOnlyForDeploymentPostprocessing = 0;
		};
/* End PBXResourcesBuildPhase section */

/* Begin PBXSourcesBuildPhase section */
		0FC541502953211300B1C504 /* Sources */ = {
			isa = PBXSourcesBuildPhase;
			buildActionMask = 2147483647;
			files = (
				0FC5415C2953211300B1C504 /* ScanOptionsViewController.swift in Sources */,
				0FC5418F2953307A00B1C504 /* RecognizedTextDataSource.swift in Sources */,
				0FC541912953484300B1C504 /* ScanOptions.swift in Sources */,
				0FC541582953211300B1C504 /* AppDelegate.swift in Sources */,
				0FC5418B29532D4300B1C504 /* ReceiptResultViewController.swift in Sources */,
				0FC5418D29532D7A00B1C504 /* TextResultViewController.swift in Sources */,
				0FC5415A2953211300B1C504 /* SceneDelegate.swift in Sources */,
			);
			runOnlyForDeploymentPostprocessing = 0;
		};
		0FC541662953211400B1C504 /* Sources */ = {
			isa = PBXSourcesBuildPhase;
			buildActionMask = 2147483647;
			files = (
				0FC5416F2953211400B1C504 /* VisionDemoAppTests.swift in Sources */,
			);
			runOnlyForDeploymentPostprocessing = 0;
		};
		0FC541702953211400B1C504 /* Sources */ = {
			isa = PBXSourcesBuildPhase;
			buildActionMask = 2147483647;
			files = (
				0FC541792953211400B1C504 /* VisionDemoAppUITests.swift in Sources */,
				0FC5417B2953211400B1C504 /* VisionDemoAppUITestsLaunchTests.swift in Sources */,
			);
			runOnlyForDeploymentPostprocessing = 0;
		};
/* End PBXSourcesBuildPhase section */

/* Begin PBXTargetDependency section */
		0FC5416C2953211400B1C504 /* PBXTargetDependency */ = {
			isa = PBXTargetDependency;
			target = 0FC541532953211300B1C504 /* VisionDemoApp */;
			targetProxy = 0FC5416B2953211400B1C504 /* PBXContainerItemProxy */;
		};
		0FC541762953211400B1C504 /* PBXTargetDependency */ = {
			isa = PBXTargetDependency;
			target = 0FC541532953211300B1C504 /* VisionDemoApp */;
			targetProxy = 0FC541752953211400B1C504 /* PBXContainerItemProxy */;
		};
/* End PBXTargetDependency section */

/* Begin PBXVariantGroup section */
		0FC5415D2953211300B1C504 /* Main.storyboard */ = {
			isa = PBXVariantGroup;
			children = (
				0FC5415E2953211300B1C504 /* Base */,
			);
			name = Main.storyboard;
			sourceTree = "<group>";
		};
		0FC541622953211400B1C504 /* LaunchScreen.storyboard */ = {
			isa = PBXVariantGroup;
			children = (
				0FC541632953211400B1C504 /* Base */,
			);
			name = LaunchScreen.storyboard;
			sourceTree = "<group>";
		};
/* End PBXVariantGroup section */

/* Begin XCBuildConfiguration section */
		0FC5417C2953211400B1C504 /* Debug */ = {
			isa = XCBuildConfiguration;
			buildSettings = {
				ALWAYS_SEARCH_USER_PATHS = NO;
				CLANG_ANALYZER_NONNULL = YES;
				CLANG_ANALYZER_NUMBER_OBJECT_CONVERSION = YES_AGGRESSIVE;
				CLANG_CXX_LANGUAGE_STANDARD = "gnu++20";
				CLANG_ENABLE_MODULES = YES;
				CLANG_ENABLE_OBJC_ARC = YES;
				CLANG_ENABLE_OBJC_WEAK = YES;
				CLANG_WARN_BLOCK_CAPTURE_AUTORELEASING = YES;
				CLANG_WARN_BOOL_CONVERSION = YES;
				CLANG_WARN_COMMA = YES;
				CLANG_WARN_CONSTANT_CONVERSION = YES;
				CLANG_WARN_DEPRECATED_OBJC_IMPLEMENTATIONS = YES;
				CLANG_WARN_DIRECT_OBJC_ISA_USAGE = YES_ERROR;
				CLANG_WARN_DOCUMENTATION_COMMENTS = YES;
				CLANG_WARN_EMPTY_BODY = YES;
				CLANG_WARN_ENUM_CONVERSION = YES;
				CLANG_WARN_INFINITE_RECURSION = YES;
				CLANG_WARN_INT_CONVERSION = YES;
				CLANG_WARN_NON_LITERAL_NULL_CONVERSION = YES;
				CLANG_WARN_OBJC_IMPLICIT_RETAIN_SELF = YES;
				CLANG_WARN_OBJC_LITERAL_CONVERSION = YES;
				CLANG_WARN_OBJC_ROOT_CLASS = YES_ERROR;
				CLANG_WARN_QUOTED_INCLUDE_IN_FRAMEWORK_HEADER = YES;
				CLANG_WARN_RANGE_LOOP_ANALYSIS = YES;
				CLANG_WARN_STRICT_PROTOTYPES = YES;
				CLANG_WARN_SUSPICIOUS_MOVE = YES;
				CLANG_WARN_UNGUARDED_AVAILABILITY = YES_AGGRESSIVE;
				CLANG_WARN_UNREACHABLE_CODE = YES;
				CLANG_WARN__DUPLICATE_METHOD_MATCH = YES;
				COPY_PHASE_STRIP = NO;
				DEBUG_INFORMATION_FORMAT = dwarf;
				ENABLE_STRICT_OBJC_MSGSEND = YES;
				ENABLE_TESTABILITY = YES;
				GCC_C_LANGUAGE_STANDARD = gnu11;
				GCC_DYNAMIC_NO_PIC = NO;
				GCC_NO_COMMON_BLOCKS = YES;
				GCC_OPTIMIZATION_LEVEL = 0;
				GCC_PREPROCESSOR_DEFINITIONS = (
					"DEBUG=1",
					"$(inherited)",
				);
				GCC_WARN_64_TO_32_BIT_CONVERSION = YES;
				GCC_WARN_ABOUT_RETURN_TYPE = YES_ERROR;
				GCC_WARN_UNDECLARED_SELECTOR = YES;
				GCC_WARN_UNINITIALIZED_AUTOS = YES_AGGRESSIVE;
				GCC_WARN_UNUSED_FUNCTION = YES;
				GCC_WARN_UNUSED_VARIABLE = YES;
				IPHONEOS_DEPLOYMENT_TARGET = 16.1;
				MTL_ENABLE_DEBUG_INFO = INCLUDE_SOURCE;
				MTL_FAST_MATH = YES;
				ONLY_ACTIVE_ARCH = YES;
				SDKROOT = iphoneos;
				SWIFT_ACTIVE_COMPILATION_CONDITIONS = DEBUG;
				SWIFT_OPTIMIZATION_LEVEL = "-Onone";
			};
			name = Debug;
		};
		0FC5417D2953211400B1C504 /* Release */ = {
			isa = XCBuildConfiguration;
			buildSettings = {
				ALWAYS_SEARCH_USER_PATHS = NO;
				CLANG_ANALYZER_NONNULL = YES;
				CLANG_ANALYZER_NUMBER_OBJECT_CONVERSION = YES_AGGRESSIVE;
				CLANG_CXX_LANGUAGE_STANDARD = "gnu++20";
				CLANG_ENABLE_MODULES = YES;
				CLANG_ENABLE_OBJC_ARC = YES;
				CLANG_ENABLE_OBJC_WEAK = YES;
				CLANG_WARN_BLOCK_CAPTURE_AUTORELEASING = YES;
				CLANG_WARN_BOOL_CONVERSION = YES;
				CLANG_WARN_COMMA = YES;
				CLANG_WARN_CONSTANT_CONVERSION = YES;
				CLANG_WARN_DEPRECATED_OBJC_IMPLEMENTATIONS = YES;
				CLANG_WARN_DIRECT_OBJC_ISA_USAGE = YES_ERROR;
				CLANG_WARN_DOCUMENTATION_COMMENTS = YES;
				CLANG_WARN_EMPTY_BODY = YES;
				CLANG_WARN_ENUM_CONVERSION = YES;
				CLANG_WARN_INFINITE_RECURSION = YES;
				CLANG_WARN_INT_CONVERSION = YES;
				CLANG_WARN_NON_LITERAL_NULL_CONVERSION = YES;
				CLANG_WARN_OBJC_IMPLICIT_RETAIN_SELF = YES;
				CLANG_WARN_OBJC_LITERAL_CONVERSION = YES;
				CLANG_WARN_OBJC_ROOT_CLASS = YES_ERROR;
				CLANG_WARN_QUOTED_INCLUDE_IN_FRAMEWORK_HEADER = YES;
				CLANG_WARN_RANGE_LOOP_ANALYSIS = YES;
				CLANG_WARN_STRICT_PROTOTYPES = YES;
				CLANG_WARN_SUSPICIOUS_MOVE = YES;
				CLANG_WARN_UNGUARDED_AVAILABILITY = YES_AGGRESSIVE;
				CLANG_WARN_UNREACHABLE_CODE = YES;
				CLANG_WARN__DUPLICATE_METHOD_MATCH = YES;
				COPY_PHASE_STRIP = NO;
				DEBUG_INFORMATION_FORMAT = "dwarf-with-dsym";
				ENABLE_NS_ASSERTIONS = NO;
				ENABLE_STRICT_OBJC_MSGSEND = YES;
				GCC_C_LANGUAGE_STANDARD = gnu11;
				GCC_NO_COMMON_BLOCKS = YES;
				GCC_WARN_64_TO_32_BIT_CONVERSION = YES;
				GCC_WARN_ABOUT_RETURN_TYPE = YES_ERROR;
				GCC_WARN_UNDECLARED_SELECTOR = YES;
				GCC_WARN_UNINITIALIZED_AUTOS = YES_AGGRESSIVE;
				GCC_WARN_UNUSED_FUNCTION = YES;
				GCC_WARN_UNUSED_VARIABLE = YES;
				IPHONEOS_DEPLOYMENT_TARGET = 16.1;
				MTL_ENABLE_DEBUG_INFO = NO;
				MTL_FAST_MATH = YES;
				SDKROOT = iphoneos;
				SWIFT_COMPILATION_MODE = wholemodule;
				SWIFT_OPTIMIZATION_LEVEL = "-O";
				VALIDATE_PRODUCT = YES;
			};
			name = Release;
		};
		0FC5417F2953211400B1C504 /* Debug */ = {
			isa = XCBuildConfiguration;
			buildSettings = {
				ASSETCATALOG_COMPILER_APPICON_NAME = AppIcon;
				ASSETCATALOG_COMPILER_GLOBAL_ACCENT_COLOR_NAME = AccentColor;
				CODE_SIGN_STYLE = Automatic;
				CURRENT_PROJECT_VERSION = 1;
				DEVELOPMENT_TEAM = DHWBR7WZQY;
				GENERATE_INFOPLIST_FILE = YES;
				INFOPLIST_FILE = VisionDemoApp/Info.plist;
				INFOPLIST_KEY_NSCameraUsageDescription = "We need camera access in order to scan text";
				INFOPLIST_KEY_NSPhotoLibraryUsageDescription = "We need access to your photo library in order to retrieve stored photos";
				INFOPLIST_KEY_UIApplicationSupportsIndirectInputEvents = YES;
				INFOPLIST_KEY_UILaunchStoryboardName = LaunchScreen;
				INFOPLIST_KEY_UIMainStoryboardFile = Main;
				INFOPLIST_KEY_UISupportedInterfaceOrientations_iPad = "UIInterfaceOrientationPortrait UIInterfaceOrientationPortraitUpsideDown UIInterfaceOrientationLandscapeLeft UIInterfaceOrientationLandscapeRight";
				INFOPLIST_KEY_UISupportedInterfaceOrientations_iPhone = "UIInterfaceOrientationPortrait UIInterfaceOrientationLandscapeLeft UIInterfaceOrientationLandscapeRight";
				LD_RUNPATH_SEARCH_PATHS = (
					"$(inherited)",
					"@executable_path/Frameworks",
				);
				MARKETING_VERSION = 1.0;
				PRODUCT_BUNDLE_IDENTIFIER = com.samwahome.VisionDemoApp;
				PRODUCT_NAME = "$(TARGET_NAME)";
				SWIFT_EMIT_LOC_STRINGS = YES;
				SWIFT_VERSION = 5.0;
				TARGETED_DEVICE_FAMILY = "1,2";
			};
			name = Debug;
		};
		0FC541802953211400B1C504 /* Release */ = {
			isa = XCBuildConfiguration;
			buildSettings = {
				ASSETCATALOG_COMPILER_APPICON_NAME = AppIcon;
				ASSETCATALOG_COMPILER_GLOBAL_ACCENT_COLOR_NAME = AccentColor;
				CODE_SIGN_STYLE = Automatic;
				CURRENT_PROJECT_VERSION = 1;
				DEVELOPMENT_TEAM = DHWBR7WZQY;
				GENERATE_INFOPLIST_FILE = YES;
				INFOPLIST_FILE = VisionDemoApp/Info.plist;
				INFOPLIST_KEY_NSCameraUsageDescription = "We need camera access in order to scan text";
				INFOPLIST_KEY_NSPhotoLibraryUsageDescription = "We need access to your photo library in order to retrieve stored photos";
				INFOPLIST_KEY_UIApplicationSupportsIndirectInputEvents = YES;
				INFOPLIST_KEY_UILaunchStoryboardName = LaunchScreen;
				INFOPLIST_KEY_UIMainStoryboardFile = Main;
				INFOPLIST_KEY_UISupportedInterfaceOrientations_iPad = "UIInterfaceOrientationPortrait UIInterfaceOrientationPortraitUpsideDown UIInterfaceOrientationLandscapeLeft UIInterfaceOrientationLandscapeRight";
				INFOPLIST_KEY_UISupportedInterfaceOrientations_iPhone = "UIInterfaceOrientationPortrait UIInterfaceOrientationLandscapeLeft UIInterfaceOrientationLandscapeRight";
				LD_RUNPATH_SEARCH_PATHS = (
					"$(inherited)",
					"@executable_path/Frameworks",
				);
				MARKETING_VERSION = 1.0;
				PRODUCT_BUNDLE_IDENTIFIER = com.samwahome.VisionDemoApp;
				PRODUCT_NAME = "$(TARGET_NAME)";
				SWIFT_EMIT_LOC_STRINGS = YES;
				SWIFT_VERSION = 5.0;
				TARGETED_DEVICE_FAMILY = "1,2";
			};
			name = Release;
		};
		0FC541822953211400B1C504 /* Debug */ = {
			isa = XCBuildConfiguration;
			buildSettings = {
				ALWAYS_EMBED_SWIFT_STANDARD_LIBRARIES = YES;
				BUNDLE_LOADER = "$(TEST_HOST)";
				CODE_SIGN_STYLE = Automatic;
				CURRENT_PROJECT_VERSION = 1;
				DEVELOPMENT_TEAM = DHWBR7WZQY;
				GENERATE_INFOPLIST_FILE = YES;
				IPHONEOS_DEPLOYMENT_TARGET = 16.1;
				MARKETING_VERSION = 1.0;
				PRODUCT_BUNDLE_IDENTIFIER = com.samwahome.VisionDemoAppTests;
				PRODUCT_NAME = "$(TARGET_NAME)";
				SWIFT_EMIT_LOC_STRINGS = NO;
				SWIFT_VERSION = 5.0;
				TARGETED_DEVICE_FAMILY = "1,2";
				TEST_HOST = "$(BUILT_PRODUCTS_DIR)/VisionDemoApp.app/$(BUNDLE_EXECUTABLE_FOLDER_PATH)/VisionDemoApp";
			};
			name = Debug;
		};
		0FC541832953211400B1C504 /* Release */ = {
			isa = XCBuildConfiguration;
			buildSettings = {
				ALWAYS_EMBED_SWIFT_STANDARD_LIBRARIES = YES;
				BUNDLE_LOADER = "$(TEST_HOST)";
				CODE_SIGN_STYLE = Automatic;
				CURRENT_PROJECT_VERSION = 1;
				DEVELOPMENT_TEAM = DHWBR7WZQY;
				GENERATE_INFOPLIST_FILE = YES;
				IPHONEOS_DEPLOYMENT_TARGET = 16.1;
				MARKETING_VERSION = 1.0;
				PRODUCT_BUNDLE_IDENTIFIER = com.samwahome.VisionDemoAppTests;
				PRODUCT_NAME = "$(TARGET_NAME)";
				SWIFT_EMIT_LOC_STRINGS = NO;
				SWIFT_VERSION = 5.0;
				TARGETED_DEVICE_FAMILY = "1,2";
				TEST_HOST = "$(BUILT_PRODUCTS_DIR)/VisionDemoApp.app/$(BUNDLE_EXECUTABLE_FOLDER_PATH)/VisionDemoApp";
			};
			name = Release;
		};
		0FC541852953211400B1C504 /* Debug */ = {
			isa = XCBuildConfiguration;
			buildSettings = {
				ALWAYS_EMBED_SWIFT_STANDARD_LIBRARIES = YES;
				CODE_SIGN_STYLE = Automatic;
				CURRENT_PROJECT_VERSION = 1;
				DEVELOPMENT_TEAM = DHWBR7WZQY;
				GENERATE_INFOPLIST_FILE = YES;
				MARKETING_VERSION = 1.0;
				PRODUCT_BUNDLE_IDENTIFIER = com.samwahome.VisionDemoAppUITests;
				PRODUCT_NAME = "$(TARGET_NAME)";
				SWIFT_EMIT_LOC_STRINGS = NO;
				SWIFT_VERSION = 5.0;
				TARGETED_DEVICE_FAMILY = "1,2";
				TEST_TARGET_NAME = VisionDemoApp;
			};
			name = Debug;
		};
		0FC541862953211400B1C504 /* Release */ = {
			isa = XCBuildConfiguration;
			buildSettings = {
				ALWAYS_EMBED_SWIFT_STANDARD_LIBRARIES = YES;
				CODE_SIGN_STYLE = Automatic;
				CURRENT_PROJECT_VERSION = 1;
				DEVELOPMENT_TEAM = DHWBR7WZQY;
				GENERATE_INFOPLIST_FILE = YES;
				MARKETING_VERSION = 1.0;
				PRODUCT_BUNDLE_IDENTIFIER = com.samwahome.VisionDemoAppUITests;
				PRODUCT_NAME = "$(TARGET_NAME)";
				SWIFT_EMIT_LOC_STRINGS = NO;
				SWIFT_VERSION = 5.0;
				TARGETED_DEVICE_FAMILY = "1,2";
				TEST_TARGET_NAME = VisionDemoApp;
			};
			name = Release;
		};
/* End XCBuildConfiguration section */

/* Begin XCConfigurationList section */
		0FC5414F2953211300B1C504 /* Build configuration list for PBXProject "VisionDemoApp" */ = {
			isa = XCConfigurationList;
			buildConfigurations = (
				0FC5417C2953211400B1C504 /* Debug */,
				0FC5417D2953211400B1C504 /* Release */,
			);
			defaultConfigurationIsVisible = 0;
			defaultConfigurationName = Release;
		};
		0FC5417E2953211400B1C504 /* Build configuration list for PBXNativeTarget "VisionDemoApp" */ = {
			isa = XCConfigurationList;
			buildConfigurations = (
				0FC5417F2953211400B1C504 /* Debug */,
				0FC541802953211400B1C504 /* Release */,
			);
			defaultConfigurationIsVisible = 0;
			defaultConfigurationName = Release;
		};
		0FC541812953211400B1C504 /* Build configuration list for PBXNativeTarget "VisionDemoAppTests" */ = {
			isa = XCConfigurationList;
			buildConfigurations = (
				0FC541822953211400B1C504 /* Debug */,
				0FC541832953211400B1C504 /* Release */,
			);
			defaultConfigurationIsVisible = 0;
			defaultConfigurationName = Release;
		};
		0FC541842953211400B1C504 /* Build configuration list for PBXNativeTarget "VisionDemoAppUITests" */ = {
			isa = XCConfigurationList;
			buildConfigurations = (
				0FC541852953211400B1C504 /* Debug */,
				0FC541862953211400B1C504 /* Release */,
			);
			defaultConfigurationIsVisible = 0;
			defaultConfigurationName = Release;
		};
/* End XCConfigurationList section */
	};
	rootObject = 0FC5414C2953211300B1C504 /* Project object */;
}
